
Microsoft Visual Studio Solution File, Format Version 12.00
# Visual Studio Version 17
VisualStudioVersion = 17.6.33723.286
MinimumVisualStudioVersion = 10.0.40219.1
Project("{9A19103F-16F7-4668-BE54-9A1E7A4F7556}") = "MsaBackend", "MsaBackend.csproj", "{75D2F480-12BE-4543-BAB9-DAC903CF9C51}"
EndProject
Global
	GlobalSection(SolutionConfigurationPlatforms) = preSolution
		Debug|Any CPU = Debug|Any CPU
		Release|Any CPU = Release|Any CPU
	EndGlobalSection
	GlobalSection(ProjectConfigurationPlatforms) = postSolution
		{75D2F480-12BE-4543-BAB9-DAC903CF9C51}.Debug|Any CPU.ActiveCfg = Debug|Any CPU
		{75D2F480-12BE-4543-BAB9-DAC903CF9C51}.Debug|Any CPU.Build.0 = Debug|Any CPU
		{75D2F480-12BE-4543-BAB9-DAC903CF9C51}.Release|Any CPU.ActiveCfg = Release|Any CPU
		{75D2F480-12BE-4543-BAB9-DAC903CF9C51}.Release|Any CPU.Build.0 = Release|Any CPU
	EndGlobalSection
	GlobalSection(SolutionProperties) = preSolution
		HideSolutionNode = FALSE
	EndGlobalSection
	GlobalSection(ExtensibilityGlobals) = postSolution
		SolutionGuid = {E2F9F583-0EE1-48A7-8DD0-B1211D162A0C}
	EndGlobalSection
EndGlobal
